
Microsoft Visual Studio Solution File, Format Version 12.00
# Visual Studio Version 17
VisualStudioVersion = 17.10.34916.146
MinimumVisualStudioVersion = 10.0.40219.1
Project("{FAE04EC0-301F-11D3-BF4B-00C04F79EFBC}") = "AppointmentMvc", "AppointmentMvc\AppointmentMvc.csproj", "{43F1B85B-6BEC-4291-9B74-775E544C24C0}"
EndProject
Global
	GlobalSection(SolutionConfigurationPlatforms) = preSolution
		Debug|Any CPU = Debug|Any CPU
		Release|Any CPU = Release|Any CPU
	EndGlobalSection
	GlobalSection(ProjectConfigurationPlatforms) = postSolution
		{43F1B85B-6BEC-4291-9B74-775E544C24C0}.Debug|Any CPU.ActiveCfg = Debug|Any CPU
		{43F1B85B-6BEC-4291-9B74-775E544C24C0}.Debug|Any CPU.Build.0 = Debug|Any CPU
		{43F1B85B-6BEC-4291-9B74-775E544C24C0}.Release|Any CPU.ActiveCfg = Release|Any CPU
		{43F1B85B-6BEC-4291-9B74-775E544C24C0}.Release|Any CPU.Build.0 = Release|Any CPU
	EndGlobalSection
	GlobalSection(SolutionProperties) = preSolution
		HideSolutionNode = FALSE
	EndGlobalSection
	GlobalSection(ExtensibilityGlobals) = postSolution
		SolutionGuid = {D10C9239-D1DE-4B43-B46C-F9A1FBA3BFDE}
	EndGlobalSection
EndGlobal
